
Microsoft Visual Studio Solution File, Format Version 12.00
# Visual Studio Version 17
VisualStudioVersion = 17.4.33205.214
MinimumVisualStudioVersion = 10.0.40219.1
Project("{9A19103F-16F7-4668-BE54-9A1E7A4F7556}") = "1.2.11", "1.2.11\1.2.11.csproj", "{72DFAF6C-DD0D-4856-85CC-397E9415F09D}"
EndProject
Project("{9A19103F-16F7-4668-BE54-9A1E7A4F7556}") = "1.2.12", "1.2.12\1.2.12.csproj", "{EA5BD9BC-0C29-418B-93EF-B99AAAD63076}"
EndProject
Project("{9A19103F-16F7-4668-BE54-9A1E7A4F7556}") = "1.2.13", "1.2.13\1.2.13.csproj", "{878B4576-CC2E-4430-AB62-188B2F2DB201}"
EndProject
Project("{9A19103F-16F7-4668-BE54-9A1E7A4F7556}") = "1.2.14", "1.2.14\1.2.14.csproj", "{980D751A-A985-496C-9EE3-65FA6FA1FF6C}"
EndProject
Project("{9A19103F-16F7-4668-BE54-9A1E7A4F7556}") = "1.2.15", "1.2.15\1.2.15.csproj", "{5EC316FC-8F51-4BC1-831A-785F60C129DA}"
EndProject
Project("{9A19103F-16F7-4668-BE54-9A1E7A4F7556}") = "1.2.20", "1.2.20\1.2.20.csproj", "{485F4C97-06BA-4714-9468-B874F14370A8}"
EndProject
Project("{9A19103F-16F7-4668-BE54-9A1E7A4F7556}") = "1.2.21", "1.2.21\1.2.21.csproj", "{385369C9-390C-47F0-9CF3-9B47FFCC8195}"
EndProject
Project("{9A19103F-16F7-4668-BE54-9A1E7A4F7556}") = "1.2.22", "1.2.22\1.2.22.csproj", "{C8215384-30A3-4184-A1D1-9346DFA0B343}"
EndProject
Project("{9A19103F-16F7-4668-BE54-9A1E7A4F7556}") = "1.2.23", "1.2.23\1.2.23.csproj", "{54C93944-5996-41BF-8070-A9D366A21597}"
EndProject
Project("{9A19103F-16F7-4668-BE54-9A1E7A4F7556}") = "1.2.24", "1.2.24\1.2.24.csproj", "{78930816-FB38-42A3-9975-8D4F6B5BE879}"
EndProject
Project("{9A19103F-16F7-4668-BE54-9A1E7A4F7556}") = "1.2.25", "1.2.25\1.2.25.csproj", "{50C2BB53-54D6-4EA9-81F4-6F053258B771}"
EndProject
Project("{9A19103F-16F7-4668-BE54-9A1E7A4F7556}") = "1.2.26", "1.2.26\1.2.26.csproj", "{42D28C8C-74A6-42E6-9BE3-41DE2B48B8BE}"
EndProject
Project("{9A19103F-16F7-4668-BE54-9A1E7A4F7556}") = "1.2.27", "1.2.27\1.2.27.csproj", "{500ACCE1-17D0-4608-88A1-077B3B032A80}"
EndProject
Project("{9A19103F-16F7-4668-BE54-9A1E7A4F7556}") = "1.2.30", "1.2.30\1.2.30.csproj", "{9E401B3C-9948-4719-B121-2804A8E34680}"
EndProject
Project("{9A19103F-16F7-4668-BE54-9A1E7A4F7556}") = "1.2.31", "1.2.31\1.2.31.csproj", "{025D8630-0678-4496-8471-8BE9ABDE3D12}"
EndProject
Project("{9A19103F-16F7-4668-BE54-9A1E7A4F7556}") = "1.2.32", "1.2.32\1.2.32.csproj", "{0B32B262-2E21-4E50-B9DC-E16974A4FA51}"
EndProject
Project("{9A19103F-16F7-4668-BE54-9A1E7A4F7556}") = "1.2.33", "1.2.33\1.2.33.csproj", "{4AE17D93-9682-46D5-8239-4BD792F6FDBC}"
EndProject
Project("{9A19103F-16F7-4668-BE54-9A1E7A4F7556}") = "1.2.34", "1.2.34\1.2.34.csproj", "{D0F56F07-89B5-4B33-B69C-53D65BC1F4C5}"
EndProject
Project("{9A19103F-16F7-4668-BE54-9A1E7A4F7556}") = "1.2.35", "1.2.35\1.2.35.csproj", "{F151EC83-2E32-4419-AAED-51A1DEDDD7ED}"
EndProject
Project("{9A19103F-16F7-4668-BE54-9A1E7A4F7556}") = "1.2.36", "1.2.36\1.2.36.csproj", "{83616D3B-2C7E-4ABB-9413-DFD6DA606973}"
EndProject
Project("{9A19103F-16F7-4668-BE54-9A1E7A4F7556}") = "1.2.37", "1.2.37\1.2.37.csproj", "{D0757B62-7B7E-4B0B-BA1D-88679F9D9883}"
EndProject
Project("{9A19103F-16F7-4668-BE54-9A1E7A4F7556}") = "1.2.38", "1.2.38\1.2.38.csproj", "{866C1CE7-FF43-4D55-A4F8-D580E83FCBB6}"
EndProject
Project("{9A19103F-16F7-4668-BE54-9A1E7A4F7556}") = "1.2.39", "1.2.39\1.2.39.csproj", "{DFD605CE-BBD8-4647-B710-406A4794D415}"
EndProject
Project("{9A19103F-16F7-4668-BE54-9A1E7A4F7556}") = "1.2.40", "1.2.40\1.2.40.csproj", "{97B48A05-C880-4920-8FEA-E7E2D49CAFCF}"
EndProject
Project("{9A19103F-16F7-4668-BE54-9A1E7A4F7556}") = "1.2.41", "1.2.41\1.2.41.csproj", "{71960FEE-56A3-4CC1-BA22-D2E63426D65C}"
EndProject
Project("{9A19103F-16F7-4668-BE54-9A1E7A4F7556}") = "1.2.42", "1.2.42\1.2.42.csproj", "{2D138E6D-FCBC-49C6-AF50-C76AFC4FD61E}"
EndProject
Project("{9A19103F-16F7-4668-BE54-9A1E7A4F7556}") = "1.2.43", "1.2.43\1.2.43.csproj", "{56762FF3-6CD6-451F-914C-7167E3D2D978}"
EndProject
Project("{9A19103F-16F7-4668-BE54-9A1E7A4F7556}") = "1.2.44", "1.2.44\1.2.44.csproj", "{AD0ED1DF-BFE7-49AD-901E-9175513255D2}"
EndProject
Project("{9A19103F-16F7-4668-BE54-9A1E7A4F7556}") = "1.3.10", "1.3.10\1.3.10.csproj", "{A29B7476-55FB-4967-AF87-83B084D74115}"
EndProject
Project("{9A19103F-16F7-4668-BE54-9A1E7A4F7556}") = "1.3.11", "1.3.11\1.3.11.csproj", "{8B93CA25-0E32-43F4-B394-36A214EEBF6D}"
EndProject
Project("{9A19103F-16F7-4668-BE54-9A1E7A4F7556}") = "zad_25_26_08", "zad_25_26_08\zad_25_26_08.csproj", "{D0111641-BAE0-40AB-98DB-C2A6314A4147}"
EndProject
Project("{9A19103F-16F7-4668-BE54-9A1E7A4F7556}") = "1.3.12", "1.3.12\1.3.12.csproj", "{07EE0ED8-A22F-4279-ACDF-F470468794D0}"
EndProject
Project("{9A19103F-16F7-4668-BE54-9A1E7A4F7556}") = "1.3.13", "1.3.13\1.3.13.csproj", "{1A1DA489-1F1F-4428-A910-E68BC5F6EA93}"
EndProject
Project("{9A19103F-16F7-4668-BE54-9A1E7A4F7556}") = "1.3.14", "1.3.14\1.3.14.csproj", "{61F70DE8-2CBC-4DE0-85FE-552E0B913DD4}"
EndProject
Project("{9A19103F-16F7-4668-BE54-9A1E7A4F7556}") = "1.3.16", "1.3.16\1.3.16.csproj", "{4EA3DE79-A361-493D-ADEA-82E298C7BC8D}"
EndProject
Project("{9A19103F-16F7-4668-BE54-9A1E7A4F7556}") = "1.3.15", "1.3.15\1.3.15.csproj", "{13DDE0EC-CC57-4E58-AE8E-7B20F1806825}"
EndProject
Project("{9A19103F-16F7-4668-BE54-9A1E7A4F7556}") = "1.3.17", "1.3.17\1.3.17.csproj", "{BF4FA292-52DF-44F2-BDBE-7D66137522A4}"
EndProject
Project("{9A19103F-16F7-4668-BE54-9A1E7A4F7556}") = "1.3.18", "1.3.18\1.3.18.csproj", "{A76D00D1-74F1-4C83-9314-1669C0F49051}"
EndProject
Project("{9A19103F-16F7-4668-BE54-9A1E7A4F7556}") = "1.3.20", "1.3.20\1.3.20.csproj", "{E6773F27-8E78-41F4-A4EE-1D16956B2FAC}"
EndProject
Project("{9A19103F-16F7-4668-BE54-9A1E7A4F7556}") = "zad28_26_08", "zad28_28_08\zad28_26_08.csproj", "{5387FA98-3F9E-4639-8BB4-3739538093D7}"
EndProject
Project("{9A19103F-16F7-4668-BE54-9A1E7A4F7556}") = "1.3.21", "1.3.21\1.3.21.csproj", "{679411AC-81BC-4EC7-AA4E-D7D3DB21F6C2}"
EndProject
Project("{9A19103F-16F7-4668-BE54-9A1E7A4F7556}") = "1.3.22", "1.3.22\1.3.22.csproj", "{F4CBEC4D-15C1-4EBA-9EE4-17111DC9AD96}"
EndProject
Project("{2150E333-8FDC-42A3-9474-1A3956D46DE8}") = "1.2", "1.2", "{B69FD7D5-A5DB-4065-B63D-6947EAAAA9CC}"
EndProject
Project("{2150E333-8FDC-42A3-9474-1A3956D46DE8}") = "1.3", "1.3", "{631C18FE-13E3-45F3-8FF1-55614C341845}"
EndProject
Project("{2150E333-8FDC-42A3-9474-1A3956D46DE8}") = "DZI", "DZI", "{76478523-2080-4404-A73A-EADF7208DAE2}"
EndProject
Project("{9A19103F-16F7-4668-BE54-9A1E7A4F7556}") = "1.3.23", "1.3.23\1.3.23.csproj", "{2928FE9F-FCCA-4142-B591-DDE5E88E53A4}"
EndProject
Project("{9A19103F-16F7-4668-BE54-9A1E7A4F7556}") = "2.2.3", "2.2.3\2.2.3.csproj", "{3CAFA946-DD39-4C96-B229-FE72CD20E262}"
EndProject
Project("{9A19103F-16F7-4668-BE54-9A1E7A4F7556}") = "2.2.4", "2.2.4\2.2.4.csproj", "{1CB9BDBF-21A3-40FC-A802-355B99AF7E5D}"
EndProject
Project("{9A19103F-16F7-4668-BE54-9A1E7A4F7556}") = "2.3.2A", "2.3.2A\2.3.2A.csproj", "{CE2F89A0-DABB-4B50-A102-72C5A01BCAAC}"
EndProject
Project("{9A19103F-16F7-4668-BE54-9A1E7A4F7556}") = "2.3.2B", "2.3.2B\2.3.2B.csproj", "{46A45B17-E1E2-43DF-B3B5-C27942EB4679}"
EndProject
Project("{9A19103F-16F7-4668-BE54-9A1E7A4F7556}") = "2.3.2C", "2.3.2C\2.3.2C.csproj", "{9AEA545D-34D1-47E1-9E4C-F3B15E65BB90}"
EndProject
Project("{9A19103F-16F7-4668-BE54-9A1E7A4F7556}") = "2.3.2D", "2.3.2D\2.3.2D.csproj", "{F7CA401C-539A-4682-9F66-95735FF2CE5C}"
EndProject
Project("{9A19103F-16F7-4668-BE54-9A1E7A4F7556}") = "2.3.3", "2.3.3\2.3.3.csproj", "{097C6CCD-CE13-4F06-9E83-364FC94E292A}"
EndProject
Project("{9A19103F-16F7-4668-BE54-9A1E7A4F7556}") = "2.4.1", "2.4.1\2.4.1.csproj", "{3640FAFC-1486-492D-BF3A-643B52DBF260}"
EndProject
Project("{9A19103F-16F7-4668-BE54-9A1E7A4F7556}") = "2.4.2", "2.4.2\2.4.2.csproj", "{D4BF5093-619D-4098-9DC3-F52270F78522}"
EndProject
Project("{9A19103F-16F7-4668-BE54-9A1E7A4F7556}") = "2.4.3", "2.4.3\2.4.3.csproj", "{BFBE6B45-5681-40FB-8370-3715D0267062}"
EndProject
Project("{9A19103F-16F7-4668-BE54-9A1E7A4F7556}") = "2.4.4", "2.4.4\2.4.4.csproj", "{BDDC0310-98E2-425F-8DC2-1562F3E33D27}"
EndProject
Project("{9A19103F-16F7-4668-BE54-9A1E7A4F7556}") = "2.4.5", "2.4.5\2.4.5.csproj", "{309B2E3A-1021-4FD8-A89E-25C98AC5E2D0}"
EndProject
Project("{2150E333-8FDC-42A3-9474-1A3956D46DE8}") = "2.2", "2.2", "{2655F3DE-A15B-49DA-B90D-29DD106A05B3}"
EndProject
Project("{2150E333-8FDC-42A3-9474-1A3956D46DE8}") = "2.3", "2.3", "{481FAEDB-AEF6-4D66-B467-A712855023C0}"
EndProject
Project("{2150E333-8FDC-42A3-9474-1A3956D46DE8}") = "2.4", "2.4", "{9D326103-058C-494E-B3AE-543D8D9763C2}"
EndProject
Project("{9A19103F-16F7-4668-BE54-9A1E7A4F7556}") = "Algorithms", "Algorithms\Algorithms.csproj", "{7EEE4FDE-CD32-4AE2-934A-6E9F84101454}"
EndProject
Project("{9A19103F-16F7-4668-BE54-9A1E7A4F7556}") = "2.4.11", "2.4.11\2.4.11.csproj", "{5372210D-12E5-4726-A2BA-77415C690873}"
EndProject
Project("{9A19103F-16F7-4668-BE54-9A1E7A4F7556}") = "2.4.12", "2.4.12\2.4.12.csproj", "{00C627CC-903F-40E5-9B8D-0EF3CFD9F665}"
EndProject
Project("{2150E333-8FDC-42A3-9474-1A3956D46DE8}") = "2.5", "2.5", "{D2E930F8-174F-4C1E-9FF2-1A8FF37C9BBD}"
EndProject
Project("{9A19103F-16F7-4668-BE54-9A1E7A4F7556}") = "2.5.5", "2.5.5\2.5.5.csproj", "{4322CA32-30D3-4F53-897D-BD753482A55A}"
EndProject
Project("{9A19103F-16F7-4668-BE54-9A1E7A4F7556}") = "2.5.7", "2.5.7\2.5.7.csproj", "{64945BC4-44FF-4155-9108-5FB1BDF1591F}"
EndProject
Project("{9A19103F-16F7-4668-BE54-9A1E7A4F7556}") = "2.5.8", "2.5.8\2.5.8.csproj", "{BEC98BC1-115A-48BB-AD62-16817129F1C0}"
EndProject
Project("{9A19103F-16F7-4668-BE54-9A1E7A4F7556}") = "2.5.9", "2.5.9\2.5.9.csproj", "{17E99132-5B00-4922-8388-9886D20667F1}"
EndProject
Project("{9A19103F-16F7-4668-BE54-9A1E7A4F7556}") = "2.5.10", "2.5.10\2.5.10.csproj", "{34F2F19F-104A-45C7-8263-7BEC02A899A6}"
EndProject
Project("{9A19103F-16F7-4668-BE54-9A1E7A4F7556}") = "2.5.11", "2.5.11\2.5.11.csproj", "{AAB66A9E-4C4A-4186-91CC-6714284652CA}"
EndProject
Project("{9A19103F-16F7-4668-BE54-9A1E7A4F7556}") = "2.5.12", "2.5.12\2.5.12.csproj", "{82A6B4F5-225E-4C9B-90AD-4866C84236E3}"
EndProject
Project("{2150E333-8FDC-42A3-9474-1A3956D46DE8}") = "2.6", "2.6", "{20BB3434-9682-49BD-855D-6B721CA3D7D2}"
EndProject
Project("{9A19103F-16F7-4668-BE54-9A1E7A4F7556}") = "2.6.1", "2.6.1\2.6.1.csproj", "{5BA2FAEB-1AFD-4E41-887D-20D1522D20EE}"
EndProject
Project("{9A19103F-16F7-4668-BE54-9A1E7A4F7556}") = "2.6.2", "2.6.2\2.6.2.csproj", "{C57C741C-72B2-4851-9C1E-94FDC2E559C1}"
EndProject
Project("{2150E333-8FDC-42A3-9474-1A3956D46DE8}") = "2.7", "2.7", "{65F2F45B-D7ED-477B-9B2B-1492373295CF}"
EndProject
Project("{9A19103F-16F7-4668-BE54-9A1E7A4F7556}") = "2.7.4", "2.7.4\2.7.4.csproj", "{525310A3-0B16-421B-A03B-FE1638890BA8}"
EndProject
Project("{9A19103F-16F7-4668-BE54-9A1E7A4F7556}") = "2.7.5", "2.7.5\2.7.5.csproj", "{97DF6CCA-75BB-49D7-A4B4-8944AD303606}"
EndProject
Project("{9A19103F-16F7-4668-BE54-9A1E7A4F7556}") = "2.7.6", "2.7.6\2.7.6.csproj", "{5C9D1F5E-8721-47D5-A5AB-62CD3F12B138}"
EndProject
Project("{9A19103F-16F7-4668-BE54-9A1E7A4F7556}") = "2.7.7", "2.7.7\2.7.7.csproj", "{49F81B44-BA21-4552-98CB-D346DC99F526}"
EndProject
Project("{9A19103F-16F7-4668-BE54-9A1E7A4F7556}") = "2.7.8", "2.7.8\2.7.8.csproj", "{7E967467-C857-4D79-A31B-84C169C1F479}"
EndProject
Project("{9A19103F-16F7-4668-BE54-9A1E7A4F7556}") = "2.7.10", "2.7.10\2.7.10.csproj", "{B3B26603-D123-4B86-AA06-4AE29119BD2F}"
EndProject
Project("{FAE04EC0-301F-11D3-BF4B-00C04F79EFBC}") = "demo1", "demo1\demo1.csproj", "{76386082-B9F0-432B-B3FB-3B9223ECE365}"
EndProject
Project("{2150E333-8FDC-42A3-9474-1A3956D46DE8}") = "Demos", "Demos", "{3136DD39-7114-4864-9AD5-FE229B314EC8}"
EndProject
Project("{FAE04EC0-301F-11D3-BF4B-00C04F79EFBC}") = "zad_25_20_05", "zad_25_20_05\zad_25_20_05.csproj", "{3DC58450-596D-4A9E-8961-83960CBEF3FD}"
EndProject
Project("{FAE04EC0-301F-11D3-BF4B-00C04F79EFBC}") = "zad_26_20_05", "zad_26_20_05\zad_26_20_05.csproj", "{C7CDEED9-F181-4BA0-88A3-C427C2EA5090}"
EndProject
Project("{2150E333-8FDC-42A3-9474-1A3956D46DE8}") = "20_05", "20_05", "{157D6015-6F54-4A5F-AD44-C87D15A81905}"
EndProject
Project("{FAE04EC0-301F-11D3-BF4B-00C04F79EFBC}") = "zad_28_20_05", "zad_28_20_05\zad_28_20_05.csproj", "{32883713-1AA3-44D6-A961-D0082EE9DB1A}"
EndProject
Global
	GlobalSection(SolutionConfigurationPlatforms) = preSolution
		Debug|Any CPU = Debug|Any CPU
		Release|Any CPU = Release|Any CPU
	EndGlobalSection
	GlobalSection(ProjectConfigurationPlatforms) = postSolution
		{72DFAF6C-DD0D-4856-85CC-397E9415F09D}.Debug|Any CPU.ActiveCfg = Debug|Any CPU
		{72DFAF6C-DD0D-4856-85CC-397E9415F09D}.Debug|Any CPU.Build.0 = Debug|Any CPU
		{72DFAF6C-DD0D-4856-85CC-397E9415F09D}.Release|Any CPU.ActiveCfg = Release|Any CPU
		{72DFAF6C-DD0D-4856-85CC-397E9415F09D}.Release|Any CPU.Build.0 = Release|Any CPU
		{EA5BD9BC-0C29-418B-93EF-B99AAAD63076}.Debug|Any CPU.ActiveCfg = Debug|Any CPU
		{EA5BD9BC-0C29-418B-93EF-B99AAAD63076}.Debug|Any CPU.Build.0 = Debug|Any CPU
		{EA5BD9BC-0C29-418B-93EF-B99AAAD63076}.Release|Any CPU.ActiveCfg = Release|Any CPU
		{EA5BD9BC-0C29-418B-93EF-B99AAAD63076}.Release|Any CPU.Build.0 = Release|Any CPU
		{878B4576-CC2E-4430-AB62-188B2F2DB201}.Debug|Any CPU.ActiveCfg = Debug|Any CPU
		{878B4576-CC2E-4430-AB62-188B2F2DB201}.Debug|Any CPU.Build.0 = Debug|Any CPU
		{878B4576-CC2E-4430-AB62-188B2F2DB201}.Release|Any CPU.ActiveCfg = Release|Any CPU
		{878B4576-CC2E-4430-AB62-188B2F2DB201}.Release|Any CPU.Build.0 = Release|Any CPU
		{980D751A-A985-496C-9EE3-65FA6FA1FF6C}.Debug|Any CPU.ActiveCfg = Debug|Any CPU
		{980D751A-A985-496C-9EE3-65FA6FA1FF6C}.Debug|Any CPU.Build.0 = Debug|Any CPU
		{980D751A-A985-496C-9EE3-65FA6FA1FF6C}.Release|Any CPU.ActiveCfg = Release|Any CPU
		{980D751A-A985-496C-9EE3-65FA6FA1FF6C}.Release|Any CPU.Build.0 = Release|Any CPU
		{5EC316FC-8F51-4BC1-831A-785F60C129DA}.Debug|Any CPU.ActiveCfg = Debug|Any CPU
		{5EC316FC-8F51-4BC1-831A-785F60C129DA}.Debug|Any CPU.Build.0 = Debug|Any CPU
		{5EC316FC-8F51-4BC1-831A-785F60C129DA}.Release|Any CPU.ActiveCfg = Release|Any CPU
		{5EC316FC-8F51-4BC1-831A-785F60C129DA}.Release|Any CPU.Build.0 = Release|Any CPU
		{485F4C97-06BA-4714-9468-B874F14370A8}.Debug|Any CPU.ActiveCfg = Debug|Any CPU
		{485F4C97-06BA-4714-9468-B874F14370A8}.Debug|Any CPU.Build.0 = Debug|Any CPU
		{485F4C97-06BA-4714-9468-B874F14370A8}.Release|Any CPU.ActiveCfg = Release|Any CPU
		{485F4C97-06BA-4714-9468-B874F14370A8}.Release|Any CPU.Build.0 = Release|Any CPU
		{385369C9-390C-47F0-9CF3-9B47FFCC8195}.Debug|Any CPU.ActiveCfg = Debug|Any CPU
		{385369C9-390C-47F0-9CF3-9B47FFCC8195}.Debug|Any CPU.Build.0 = Debug|Any CPU
		{385369C9-390C-47F0-9CF3-9B47FFCC8195}.Release|Any CPU.ActiveCfg = Release|Any CPU
		{385369C9-390C-47F0-9CF3-9B47FFCC8195}.Release|Any CPU.Build.0 = Release|Any CPU
		{C8215384-30A3-4184-A1D1-9346DFA0B343}.Debug|Any CPU.ActiveCfg = Debug|Any CPU
		{C8215384-30A3-4184-A1D1-9346DFA0B343}.Debug|Any CPU.Build.0 = Debug|Any CPU
		{C8215384-30A3-4184-A1D1-9346DFA0B343}.Release|Any CPU.ActiveCfg = Release|Any CPU
		{C8215384-30A3-4184-A1D1-9346DFA0B343}.Release|Any CPU.Build.0 = Release|Any CPU
		{54C93944-5996-41BF-8070-A9D366A21597}.Debug|Any CPU.ActiveCfg = Debug|Any CPU
		{54C93944-5996-41BF-8070-A9D366A21597}.Debug|Any CPU.Build.0 = Debug|Any CPU
		{54C93944-5996-41BF-8070-A9D366A21597}.Release|Any CPU.ActiveCfg = Release|Any CPU
		{54C93944-5996-41BF-8070-A9D366A21597}.Release|Any CPU.Build.0 = Release|Any CPU
		{78930816-FB38-42A3-9975-8D4F6B5BE879}.Debug|Any CPU.ActiveCfg = Debug|Any CPU
		{78930816-FB38-42A3-9975-8D4F6B5BE879}.Debug|Any CPU.Build.0 = Debug|Any CPU
		{78930816-FB38-42A3-9975-8D4F6B5BE879}.Release|Any CPU.ActiveCfg = Release|Any CPU
		{78930816-FB38-42A3-9975-8D4F6B5BE879}.Release|Any CPU.Build.0 = Release|Any CPU
		{50C2BB53-54D6-4EA9-81F4-6F053258B771}.Debug|Any CPU.ActiveCfg = Debug|Any CPU
		{50C2BB53-54D6-4EA9-81F4-6F053258B771}.Debug|Any CPU.Build.0 = Debug|Any CPU
		{50C2BB53-54D6-4EA9-81F4-6F053258B771}.Release|Any CPU.ActiveCfg = Release|Any CPU
		{50C2BB53-54D6-4EA9-81F4-6F053258B771}.Release|Any CPU.Build.0 = Release|Any CPU
		{42D28C8C-74A6-42E6-9BE3-41DE2B48B8BE}.Debug|Any CPU.ActiveCfg = Debug|Any CPU
		{42D28C8C-74A6-42E6-9BE3-41DE2B48B8BE}.Debug|Any CPU.Build.0 = Debug|Any CPU
		{42D28C8C-74A6-42E6-9BE3-41DE2B48B8BE}.Release|Any CPU.ActiveCfg = Release|Any CPU
		{42D28C8C-74A6-42E6-9BE3-41DE2B48B8BE}.Release|Any CPU.Build.0 = Release|Any CPU
		{500ACCE1-17D0-4608-88A1-077B3B032A80}.Debug|Any CPU.ActiveCfg = Debug|Any CPU
		{500ACCE1-17D0-4608-88A1-077B3B032A80}.Debug|Any CPU.Build.0 = Debug|Any CPU
		{500ACCE1-17D0-4608-88A1-077B3B032A80}.Release|Any CPU.ActiveCfg = Release|Any CPU
		{500ACCE1-17D0-4608-88A1-077B3B032A80}.Release|Any CPU.Build.0 = Release|Any CPU
		{9E401B3C-9948-4719-B121-2804A8E34680}.Debug|Any CPU.ActiveCfg = Debug|Any CPU
		{9E401B3C-9948-4719-B121-2804A8E34680}.Debug|Any CPU.Build.0 = Debug|Any CPU
		{9E401B3C-9948-4719-B121-2804A8E34680}.Release|Any CPU.ActiveCfg = Release|Any CPU
		{9E401B3C-9948-4719-B121-2804A8E34680}.Release|Any CPU.Build.0 = Release|Any CPU
		{025D8630-0678-4496-8471-8BE9ABDE3D12}.Debug|Any CPU.ActiveCfg = Debug|Any CPU
		{025D8630-0678-4496-8471-8BE9ABDE3D12}.Debug|Any CPU.Build.0 = Debug|Any CPU
		{025D8630-0678-4496-8471-8BE9ABDE3D12}.Release|Any CPU.ActiveCfg = Release|Any CPU
		{025D8630-0678-4496-8471-8BE9ABDE3D12}.Release|Any CPU.Build.0 = Release|Any CPU
		{0B32B262-2E21-4E50-B9DC-E16974A4FA51}.Debug|Any CPU.ActiveCfg = Debug|Any CPU
		{0B32B262-2E21-4E50-B9DC-E16974A4FA51}.Debug|Any CPU.Build.0 = Debug|Any CPU
		{0B32B262-2E21-4E50-B9DC-E16974A4FA51}.Release|Any CPU.ActiveCfg = Release|Any CPU
		{0B32B262-2E21-4E50-B9DC-E16974A4FA51}.Release|Any CPU.Build.0 = Release|Any CPU
		{4AE17D93-9682-46D5-8239-4BD792F6FDBC}.Debug|Any CPU.ActiveCfg = Debug|Any CPU
		{4AE17D93-9682-46D5-8239-4BD792F6FDBC}.Debug|Any CPU.Build.0 = Debug|Any CPU
		{4AE17D93-9682-46D5-8239-4BD792F6FDBC}.Release|Any CPU.ActiveCfg = Release|Any CPU
		{4AE17D93-9682-46D5-8239-4BD792F6FDBC}.Release|Any CPU.Build.0 = Release|Any CPU
		{D0F56F07-89B5-4B33-B69C-53D65BC1F4C5}.Debug|Any CPU.ActiveCfg = Debug|Any CPU
		{D0F56F07-89B5-4B33-B69C-53D65BC1F4C5}.Debug|Any CPU.Build.0 = Debug|Any CPU
		{D0F56F07-89B5-4B33-B69C-53D65BC1F4C5}.Release|Any CPU.ActiveCfg = Release|Any CPU
		{D0F56F07-89B5-4B33-B69C-53D65BC1F4C5}.Release|Any CPU.Build.0 = Release|Any CPU
		{F151EC83-2E32-4419-AAED-51A1DEDDD7ED}.Debug|Any CPU.ActiveCfg = Debug|Any CPU
		{F151EC83-2E32-4419-AAED-51A1DEDDD7ED}.Debug|Any CPU.Build.0 = Debug|Any CPU
		{F151EC83-2E32-4419-AAED-51A1DEDDD7ED}.Release|Any CPU.ActiveCfg = Release|Any CPU
		{F151EC83-2E32-4419-AAED-51A1DEDDD7ED}.Release|Any CPU.Build.0 = Release|Any CPU
		{83616D3B-2C7E-4ABB-9413-DFD6DA606973}.Debug|Any CPU.ActiveCfg = Debug|Any CPU
		{83616D3B-2C7E-4ABB-9413-DFD6DA606973}.Debug|Any CPU.Build.0 = Debug|Any CPU
		{83616D3B-2C7E-4ABB-9413-DFD6DA606973}.Release|Any CPU.ActiveCfg = Release|Any CPU
		{83616D3B-2C7E-4ABB-9413-DFD6DA606973}.Release|Any CPU.Build.0 = Release|Any CPU
		{D0757B62-7B7E-4B0B-BA1D-88679F9D9883}.Debug|Any CPU.ActiveCfg = Debug|Any CPU
		{D0757B62-7B7E-4B0B-BA1D-88679F9D9883}.Debug|Any CPU.Build.0 = Debug|Any CPU
		{D0757B62-7B7E-4B0B-BA1D-88679F9D9883}.Release|Any CPU.ActiveCfg = Release|Any CPU
		{D0757B62-7B7E-4B0B-BA1D-88679F9D9883}.Release|Any CPU.Build.0 = Release|Any CPU
		{866C1CE7-FF43-4D55-A4F8-D580E83FCBB6}.Debug|Any CPU.ActiveCfg = Debug|Any CPU
		{866C1CE7-FF43-4D55-A4F8-D580E83FCBB6}.Debug|Any CPU.Build.0 = Debug|Any CPU
		{866C1CE7-FF43-4D55-A4F8-D580E83FCBB6}.Release|Any CPU.ActiveCfg = Release|Any CPU
		{866C1CE7-FF43-4D55-A4F8-D580E83FCBB6}.Release|Any CPU.Build.0 = Release|Any CPU
		{DFD605CE-BBD8-4647-B710-406A4794D415}.Debug|Any CPU.ActiveCfg = Debug|Any CPU
		{DFD605CE-BBD8-4647-B710-406A4794D415}.Debug|Any CPU.Build.0 = Debug|Any CPU
		{DFD605CE-BBD8-4647-B710-406A4794D415}.Release|Any CPU.ActiveCfg = Release|Any CPU
		{DFD605CE-BBD8-4647-B710-406A4794D415}.Release|Any CPU.Build.0 = Release|Any CPU
		{97B48A05-C880-4920-8FEA-E7E2D49CAFCF}.Debug|Any CPU.ActiveCfg = Debug|Any CPU
		{97B48A05-C880-4920-8FEA-E7E2D49CAFCF}.Debug|Any CPU.Build.0 = Debug|Any CPU
		{97B48A05-C880-4920-8FEA-E7E2D49CAFCF}.Release|Any CPU.ActiveCfg = Release|Any CPU
		{97B48A05-C880-4920-8FEA-E7E2D49CAFCF}.Release|Any CPU.Build.0 = Release|Any CPU
		{71960FEE-56A3-4CC1-BA22-D2E63426D65C}.Debug|Any CPU.ActiveCfg = Debug|Any CPU
		{71960FEE-56A3-4CC1-BA22-D2E63426D65C}.Debug|Any CPU.Build.0 = Debug|Any CPU
		{71960FEE-56A3-4CC1-BA22-D2E63426D65C}.Release|Any CPU.ActiveCfg = Release|Any CPU
		{71960FEE-56A3-4CC1-BA22-D2E63426D65C}.Release|Any CPU.Build.0 = Release|Any CPU
		{2D138E6D-FCBC-49C6-AF50-C76AFC4FD61E}.Debug|Any CPU.ActiveCfg = Debug|Any CPU
		{2D138E6D-FCBC-49C6-AF50-C76AFC4FD61E}.Debug|Any CPU.Build.0 = Debug|Any CPU
		{2D138E6D-FCBC-49C6-AF50-C76AFC4FD61E}.Release|Any CPU.ActiveCfg = Release|Any CPU
		{2D138E6D-FCBC-49C6-AF50-C76AFC4FD61E}.Release|Any CPU.Build.0 = Release|Any CPU
		{56762FF3-6CD6-451F-914C-7167E3D2D978}.Debug|Any CPU.ActiveCfg = Debug|Any CPU
		{56762FF3-6CD6-451F-914C-7167E3D2D978}.Debug|Any CPU.Build.0 = Debug|Any CPU
		{56762FF3-6CD6-451F-914C-7167E3D2D978}.Release|Any CPU.ActiveCfg = Release|Any CPU
		{56762FF3-6CD6-451F-914C-7167E3D2D978}.Release|Any CPU.Build.0 = Release|Any CPU
		{AD0ED1DF-BFE7-49AD-901E-9175513255D2}.Debug|Any CPU.ActiveCfg = Debug|Any CPU
		{AD0ED1DF-BFE7-49AD-901E-9175513255D2}.Debug|Any CPU.Build.0 = Debug|Any CPU
		{AD0ED1DF-BFE7-49AD-901E-9175513255D2}.Release|Any CPU.ActiveCfg = Release|Any CPU
		{AD0ED1DF-BFE7-49AD-901E-9175513255D2}.Release|Any CPU.Build.0 = Release|Any CPU
		{A29B7476-55FB-4967-AF87-83B084D74115}.Debug|Any CPU.ActiveCfg = Debug|Any CPU
		{A29B7476-55FB-4967-AF87-83B084D74115}.Debug|Any CPU.Build.0 = Debug|Any CPU
		{A29B7476-55FB-4967-AF87-83B084D74115}.Release|Any CPU.ActiveCfg = Release|Any CPU
		{A29B7476-55FB-4967-AF87-83B084D74115}.Release|Any CPU.Build.0 = Release|Any CPU
		{8B93CA25-0E32-43F4-B394-36A214EEBF6D}.Debug|Any CPU.ActiveCfg = Debug|Any CPU
		{8B93CA25-0E32-43F4-B394-36A214EEBF6D}.Debug|Any CPU.Build.0 = Debug|Any CPU
		{8B93CA25-0E32-43F4-B394-36A214EEBF6D}.Release|Any CPU.ActiveCfg = Release|Any CPU
		{8B93CA25-0E32-43F4-B394-36A214EEBF6D}.Release|Any CPU.Build.0 = Release|Any CPU
		{D0111641-BAE0-40AB-98DB-C2A6314A4147}.Debug|Any CPU.ActiveCfg = Debug|Any CPU
		{D0111641-BAE0-40AB-98DB-C2A6314A4147}.Debug|Any CPU.Build.0 = Debug|Any CPU
		{D0111641-BAE0-40AB-98DB-C2A6314A4147}.Release|Any CPU.ActiveCfg = Release|Any CPU
		{D0111641-BAE0-40AB-98DB-C2A6314A4147}.Release|Any CPU.Build.0 = Release|Any CPU
		{07EE0ED8-A22F-4279-ACDF-F470468794D0}.Debug|Any CPU.ActiveCfg = Debug|Any CPU
		{07EE0ED8-A22F-4279-ACDF-F470468794D0}.Debug|Any CPU.Build.0 = Debug|Any CPU
		{07EE0ED8-A22F-4279-ACDF-F470468794D0}.Release|Any CPU.ActiveCfg = Release|Any CPU
		{07EE0ED8-A22F-4279-ACDF-F470468794D0}.Release|Any CPU.Build.0 = Release|Any CPU
		{1A1DA489-1F1F-4428-A910-E68BC5F6EA93}.Debug|Any CPU.ActiveCfg = Debug|Any CPU
		{1A1DA489-1F1F-4428-A910-E68BC5F6EA93}.Debug|Any CPU.Build.0 = Debug|Any CPU
		{1A1DA489-1F1F-4428-A910-E68BC5F6EA93}.Release|Any CPU.ActiveCfg = Release|Any CPU
		{1A1DA489-1F1F-4428-A910-E68BC5F6EA93}.Release|Any CPU.Build.0 = Release|Any CPU
		{61F70DE8-2CBC-4DE0-85FE-552E0B913DD4}.Debug|Any CPU.ActiveCfg = Debug|Any CPU
		{61F70DE8-2CBC-4DE0-85FE-552E0B913DD4}.Debug|Any CPU.Build.0 = Debug|Any CPU
		{61F70DE8-2CBC-4DE0-85FE-552E0B913DD4}.Release|Any CPU.ActiveCfg = Release|Any CPU
		{61F70DE8-2CBC-4DE0-85FE-552E0B913DD4}.Release|Any CPU.Build.0 = Release|Any CPU
		{4EA3DE79-A361-493D-ADEA-82E298C7BC8D}.Debug|Any CPU.ActiveCfg = Debug|Any CPU
		{4EA3DE79-A361-493D-ADEA-82E298C7BC8D}.Debug|Any CPU.Build.0 = Debug|Any CPU
		{4EA3DE79-A361-493D-ADEA-82E298C7BC8D}.Release|Any CPU.ActiveCfg = Release|Any CPU
		{4EA3DE79-A361-493D-ADEA-82E298C7BC8D}.Release|Any CPU.Build.0 = Release|Any CPU
		{13DDE0EC-CC57-4E58-AE8E-7B20F1806825}.Debug|Any CPU.ActiveCfg = Debug|Any CPU
		{13DDE0EC-CC57-4E58-AE8E-7B20F1806825}.Debug|Any CPU.Build.0 = Debug|Any CPU
		{13DDE0EC-CC57-4E58-AE8E-7B20F1806825}.Release|Any CPU.ActiveCfg = Release|Any CPU
		{13DDE0EC-CC57-4E58-AE8E-7B20F1806825}.Release|Any CPU.Build.0 = Release|Any CPU
		{BF4FA292-52DF-44F2-BDBE-7D66137522A4}.Debug|Any CPU.ActiveCfg = Debug|Any CPU
		{BF4FA292-52DF-44F2-BDBE-7D66137522A4}.Debug|Any CPU.Build.0 = Debug|Any CPU
		{BF4FA292-52DF-44F2-BDBE-7D66137522A4}.Release|Any CPU.ActiveCfg = Release|Any CPU
		{BF4FA292-52DF-44F2-BDBE-7D66137522A4}.Release|Any CPU.Build.0 = Release|Any CPU
		{A76D00D1-74F1-4C83-9314-1669C0F49051}.Debug|Any CPU.ActiveCfg = Debug|Any CPU
		{A76D00D1-74F1-4C83-9314-1669C0F49051}.Debug|Any CPU.Build.0 = Debug|Any CPU
		{A76D00D1-74F1-4C83-9314-1669C0F49051}.Release|Any CPU.ActiveCfg = Release|Any CPU
		{A76D00D1-74F1-4C83-9314-1669C0F49051}.Release|Any CPU.Build.0 = Release|Any CPU
		{E6773F27-8E78-41F4-A4EE-1D16956B2FAC}.Debug|Any CPU.ActiveCfg = Debug|Any CPU
		{E6773F27-8E78-41F4-A4EE-1D16956B2FAC}.Debug|Any CPU.Build.0 = Debug|Any CPU
		{E6773F27-8E78-41F4-A4EE-1D16956B2FAC}.Release|Any CPU.ActiveCfg = Release|Any CPU
		{E6773F27-8E78-41F4-A4EE-1D16956B2FAC}.Release|Any CPU.Build.0 = Release|Any CPU
		{5387FA98-3F9E-4639-8BB4-3739538093D7}.Debug|Any CPU.ActiveCfg = Debug|Any CPU
		{5387FA98-3F9E-4639-8BB4-3739538093D7}.Debug|Any CPU.Build.0 = Debug|Any CPU
		{5387FA98-3F9E-4639-8BB4-3739538093D7}.Release|Any CPU.ActiveCfg = Release|Any CPU
		{5387FA98-3F9E-4639-8BB4-3739538093D7}.Release|Any CPU.Build.0 = Release|Any CPU
		{679411AC-81BC-4EC7-AA4E-D7D3DB21F6C2}.Debug|Any CPU.ActiveCfg = Debug|Any CPU
		{679411AC-81BC-4EC7-AA4E-D7D3DB21F6C2}.Debug|Any CPU.Build.0 = Debug|Any CPU
		{679411AC-81BC-4EC7-AA4E-D7D3DB21F6C2}.Release|Any CPU.ActiveCfg = Release|Any CPU
		{679411AC-81BC-4EC7-AA4E-D7D3DB21F6C2}.Release|Any CPU.Build.0 = Release|Any CPU
		{F4CBEC4D-15C1-4EBA-9EE4-17111DC9AD96}.Debug|Any CPU.ActiveCfg = Debug|Any CPU
		{F4CBEC4D-15C1-4EBA-9EE4-17111DC9AD96}.Debug|Any CPU.Build.0 = Debug|Any CPU
		{F4CBEC4D-15C1-4EBA-9EE4-17111DC9AD96}.Release|Any CPU.ActiveCfg = Release|Any CPU
		{F4CBEC4D-15C1-4EBA-9EE4-17111DC9AD96}.Release|Any CPU.Build.0 = Release|Any CPU
		{2928FE9F-FCCA-4142-B591-DDE5E88E53A4}.Debug|Any CPU.ActiveCfg = Debug|Any CPU
		{2928FE9F-FCCA-4142-B591-DDE5E88E53A4}.Debug|Any CPU.Build.0 = Debug|Any CPU
		{2928FE9F-FCCA-4142-B591-DDE5E88E53A4}.Release|Any CPU.ActiveCfg = Release|Any CPU
		{2928FE9F-FCCA-4142-B591-DDE5E88E53A4}.Release|Any CPU.Build.0 = Release|Any CPU
		{3CAFA946-DD39-4C96-B229-FE72CD20E262}.Debug|Any CPU.ActiveCfg = Debug|Any CPU
		{3CAFA946-DD39-4C96-B229-FE72CD20E262}.Debug|Any CPU.Build.0 = Debug|Any CPU
		{3CAFA946-DD39-4C96-B229-FE72CD20E262}.Release|Any CPU.ActiveCfg = Release|Any CPU
		{3CAFA946-DD39-4C96-B229-FE72CD20E262}.Release|Any CPU.Build.0 = Release|Any CPU
		{1CB9BDBF-21A3-40FC-A802-355B99AF7E5D}.Debug|Any CPU.ActiveCfg = Debug|Any CPU
		{1CB9BDBF-21A3-40FC-A802-355B99AF7E5D}.Debug|Any CPU.Build.0 = Debug|Any CPU
		{1CB9BDBF-21A3-40FC-A802-355B99AF7E5D}.Release|Any CPU.ActiveCfg = Release|Any CPU
		{1CB9BDBF-21A3-40FC-A802-355B99AF7E5D}.Release|Any CPU.Build.0 = Release|Any CPU
		{CE2F89A0-DABB-4B50-A102-72C5A01BCAAC}.Debug|Any CPU.ActiveCfg = Debug|Any CPU
		{CE2F89A0-DABB-4B50-A102-72C5A01BCAAC}.Debug|Any CPU.Build.0 = Debug|Any CPU
		{CE2F89A0-DABB-4B50-A102-72C5A01BCAAC}.Release|Any CPU.ActiveCfg = Release|Any CPU
		{CE2F89A0-DABB-4B50-A102-72C5A01BCAAC}.Release|Any CPU.Build.0 = Release|Any CPU
		{46A45B17-E1E2-43DF-B3B5-C27942EB4679}.Debug|Any CPU.ActiveCfg = Debug|Any CPU
		{46A45B17-E1E2-43DF-B3B5-C27942EB4679}.Debug|Any CPU.Build.0 = Debug|Any CPU
		{46A45B17-E1E2-43DF-B3B5-C27942EB4679}.Release|Any CPU.ActiveCfg = Release|Any CPU
		{46A45B17-E1E2-43DF-B3B5-C27942EB4679}.Release|Any CPU.Build.0 = Release|Any CPU
		{9AEA545D-34D1-47E1-9E4C-F3B15E65BB90}.Debug|Any CPU.ActiveCfg = Debug|Any CPU
		{9AEA545D-34D1-47E1-9E4C-F3B15E65BB90}.Debug|Any CPU.Build.0 = Debug|Any CPU
		{9AEA545D-34D1-47E1-9E4C-F3B15E65BB90}.Release|Any CPU.ActiveCfg = Release|Any CPU
		{9AEA545D-34D1-47E1-9E4C-F3B15E65BB90}.Release|Any CPU.Build.0 = Release|Any CPU
		{F7CA401C-539A-4682-9F66-95735FF2CE5C}.Debug|Any CPU.ActiveCfg = Debug|Any CPU
		{F7CA401C-539A-4682-9F66-95735FF2CE5C}.Debug|Any CPU.Build.0 = Debug|Any CPU
		{F7CA401C-539A-4682-9F66-95735FF2CE5C}.Release|Any CPU.ActiveCfg = Release|Any CPU
		{F7CA401C-539A-4682-9F66-95735FF2CE5C}.Release|Any CPU.Build.0 = Release|Any CPU
		{097C6CCD-CE13-4F06-9E83-364FC94E292A}.Debug|Any CPU.ActiveCfg = Debug|Any CPU
		{097C6CCD-CE13-4F06-9E83-364FC94E292A}.Debug|Any CPU.Build.0 = Debug|Any CPU
		{097C6CCD-CE13-4F06-9E83-364FC94E292A}.Release|Any CPU.ActiveCfg = Release|Any CPU
		{097C6CCD-CE13-4F06-9E83-364FC94E292A}.Release|Any CPU.Build.0 = Release|Any CPU
		{3640FAFC-1486-492D-BF3A-643B52DBF260}.Debug|Any CPU.ActiveCfg = Debug|Any CPU
		{3640FAFC-1486-492D-BF3A-643B52DBF260}.Debug|Any CPU.Build.0 = Debug|Any CPU
		{3640FAFC-1486-492D-BF3A-643B52DBF260}.Release|Any CPU.ActiveCfg = Release|Any CPU
		{3640FAFC-1486-492D-BF3A-643B52DBF260}.Release|Any CPU.Build.0 = Release|Any CPU
		{D4BF5093-619D-4098-9DC3-F52270F78522}.Debug|Any CPU.ActiveCfg = Debug|Any CPU
		{D4BF5093-619D-4098-9DC3-F52270F78522}.Debug|Any CPU.Build.0 = Debug|Any CPU
		{D4BF5093-619D-4098-9DC3-F52270F78522}.Release|Any CPU.ActiveCfg = Release|Any CPU
		{D4BF5093-619D-4098-9DC3-F52270F78522}.Release|Any CPU.Build.0 = Release|Any CPU
		{BFBE6B45-5681-40FB-8370-3715D0267062}.Debug|Any CPU.ActiveCfg = Debug|Any CPU
		{BFBE6B45-5681-40FB-8370-3715D0267062}.Debug|Any CPU.Build.0 = Debug|Any CPU
		{BFBE6B45-5681-40FB-8370-3715D0267062}.Release|Any CPU.ActiveCfg = Release|Any CPU
		{BFBE6B45-5681-40FB-8370-3715D0267062}.Release|Any CPU.Build.0 = Release|Any CPU
		{BDDC0310-98E2-425F-8DC2-1562F3E33D27}.Debug|Any CPU.ActiveCfg = Debug|Any CPU
		{BDDC0310-98E2-425F-8DC2-1562F3E33D27}.Debug|Any CPU.Build.0 = Debug|Any CPU
		{BDDC0310-98E2-425F-8DC2-1562F3E33D27}.Release|Any CPU.ActiveCfg = Release|Any CPU
		{BDDC0310-98E2-425F-8DC2-1562F3E33D27}.Release|Any CPU.Build.0 = Release|Any CPU
		{309B2E3A-1021-4FD8-A89E-25C98AC5E2D0}.Debug|Any CPU.ActiveCfg = Debug|Any CPU
		{309B2E3A-1021-4FD8-A89E-25C98AC5E2D0}.Debug|Any CPU.Build.0 = Debug|Any CPU
		{309B2E3A-1021-4FD8-A89E-25C98AC5E2D0}.Release|Any CPU.ActiveCfg = Release|Any CPU
		{309B2E3A-1021-4FD8-A89E-25C98AC5E2D0}.Release|Any CPU.Build.0 = Release|Any CPU
		{7EEE4FDE-CD32-4AE2-934A-6E9F84101454}.Debug|Any CPU.ActiveCfg = Debug|Any CPU
		{7EEE4FDE-CD32-4AE2-934A-6E9F84101454}.Debug|Any CPU.Build.0 = Debug|Any CPU
		{7EEE4FDE-CD32-4AE2-934A-6E9F84101454}.Release|Any CPU.ActiveCfg = Release|Any CPU
		{7EEE4FDE-CD32-4AE2-934A-6E9F84101454}.Release|Any CPU.Build.0 = Release|Any CPU
		{5372210D-12E5-4726-A2BA-77415C690873}.Debug|Any CPU.ActiveCfg = Debug|Any CPU
		{5372210D-12E5-4726-A2BA-77415C690873}.Debug|Any CPU.Build.0 = Debug|Any CPU
		{5372210D-12E5-4726-A2BA-77415C690873}.Release|Any CPU.ActiveCfg = Release|Any CPU
		{5372210D-12E5-4726-A2BA-77415C690873}.Release|Any CPU.Build.0 = Release|Any CPU
		{00C627CC-903F-40E5-9B8D-0EF3CFD9F665}.Debug|Any CPU.ActiveCfg = Debug|Any CPU
		{00C627CC-903F-40E5-9B8D-0EF3CFD9F665}.Debug|Any CPU.Build.0 = Debug|Any CPU
		{00C627CC-903F-40E5-9B8D-0EF3CFD9F665}.Release|Any CPU.ActiveCfg = Release|Any CPU
		{00C627CC-903F-40E5-9B8D-0EF3CFD9F665}.Release|Any CPU.Build.0 = Release|Any CPU
		{4322CA32-30D3-4F53-897D-BD753482A55A}.Debug|Any CPU.ActiveCfg = Debug|Any CPU
		{4322CA32-30D3-4F53-897D-BD753482A55A}.Debug|Any CPU.Build.0 = Debug|Any CPU
		{4322CA32-30D3-4F53-897D-BD753482A55A}.Release|Any CPU.ActiveCfg = Release|Any CPU
		{4322CA32-30D3-4F53-897D-BD753482A55A}.Release|Any CPU.Build.0 = Release|Any CPU
		{64945BC4-44FF-4155-9108-5FB1BDF1591F}.Debug|Any CPU.ActiveCfg = Debug|Any CPU
		{64945BC4-44FF-4155-9108-5FB1BDF1591F}.Debug|Any CPU.Build.0 = Debug|Any CPU
		{64945BC4-44FF-4155-9108-5FB1BDF1591F}.Release|Any CPU.ActiveCfg = Release|Any CPU
		{64945BC4-44FF-4155-9108-5FB1BDF1591F}.Release|Any CPU.Build.0 = Release|Any CPU
		{BEC98BC1-115A-48BB-AD62-16817129F1C0}.Debug|Any CPU.ActiveCfg = Debug|Any CPU
		{BEC98BC1-115A-48BB-AD62-16817129F1C0}.Debug|Any CPU.Build.0 = Debug|Any CPU
		{BEC98BC1-115A-48BB-AD62-16817129F1C0}.Release|Any CPU.ActiveCfg = Release|Any CPU
		{BEC98BC1-115A-48BB-AD62-16817129F1C0}.Release|Any CPU.Build.0 = Release|Any CPU
		{17E99132-5B00-4922-8388-9886D20667F1}.Debug|Any CPU.ActiveCfg = Debug|Any CPU
		{17E99132-5B00-4922-8388-9886D20667F1}.Debug|Any CPU.Build.0 = Debug|Any CPU
		{17E99132-5B00-4922-8388-9886D20667F1}.Release|Any CPU.ActiveCfg = Release|Any CPU
		{17E99132-5B00-4922-8388-9886D20667F1}.Release|Any CPU.Build.0 = Release|Any CPU
		{34F2F19F-104A-45C7-8263-7BEC02A899A6}.Debug|Any CPU.ActiveCfg = Debug|Any CPU
		{34F2F19F-104A-45C7-8263-7BEC02A899A6}.Debug|Any CPU.Build.0 = Debug|Any CPU
		{34F2F19F-104A-45C7-8263-7BEC02A899A6}.Release|Any CPU.ActiveCfg = Release|Any CPU
		{34F2F19F-104A-45C7-8263-7BEC02A899A6}.Release|Any CPU.Build.0 = Release|Any CPU
		{AAB66A9E-4C4A-4186-91CC-6714284652CA}.Debug|Any CPU.ActiveCfg = Debug|Any CPU
		{AAB66A9E-4C4A-4186-91CC-6714284652CA}.Debug|Any CPU.Build.0 = Debug|Any CPU
		{AAB66A9E-4C4A-4186-91CC-6714284652CA}.Release|Any CPU.ActiveCfg = Release|Any CPU
		{AAB66A9E-4C4A-4186-91CC-6714284652CA}.Release|Any CPU.Build.0 = Release|Any CPU
		{82A6B4F5-225E-4C9B-90AD-4866C84236E3}.Debug|Any CPU.ActiveCfg = Debug|Any CPU
		{82A6B4F5-225E-4C9B-90AD-4866C84236E3}.Debug|Any CPU.Build.0 = Debug|Any CPU
		{82A6B4F5-225E-4C9B-90AD-4866C84236E3}.Release|Any CPU.ActiveCfg = Release|Any CPU
		{82A6B4F5-225E-4C9B-90AD-4866C84236E3}.Release|Any CPU.Build.0 = Release|Any CPU
		{5BA2FAEB-1AFD-4E41-887D-20D1522D20EE}.Debug|Any CPU.ActiveCfg = Debug|Any CPU
		{5BA2FAEB-1AFD-4E41-887D-20D1522D20EE}.Debug|Any CPU.Build.0 = Debug|Any CPU
		{5BA2FAEB-1AFD-4E41-887D-20D1522D20EE}.Release|Any CPU.ActiveCfg = Release|Any CPU
		{5BA2FAEB-1AFD-4E41-887D-20D1522D20EE}.Release|Any CPU.Build.0 = Release|Any CPU
		{C57C741C-72B2-4851-9C1E-94FDC2E559C1}.Debug|Any CPU.ActiveCfg = Debug|Any CPU
		{C57C741C-72B2-4851-9C1E-94FDC2E559C1}.Debug|Any CPU.Build.0 = Debug|Any CPU
		{C57C741C-72B2-4851-9C1E-94FDC2E559C1}.Release|Any CPU.ActiveCfg = Release|Any CPU
		{C57C741C-72B2-4851-9C1E-94FDC2E559C1}.Release|Any CPU.Build.0 = Release|Any CPU
		{525310A3-0B16-421B-A03B-FE1638890BA8}.Debug|Any CPU.ActiveCfg = Debug|Any CPU
		{525310A3-0B16-421B-A03B-FE1638890BA8}.Debug|Any CPU.Build.0 = Debug|Any CPU
		{525310A3-0B16-421B-A03B-FE1638890BA8}.Release|Any CPU.ActiveCfg = Release|Any CPU
		{525310A3-0B16-421B-A03B-FE1638890BA8}.Release|Any CPU.Build.0 = Release|Any CPU
		{97DF6CCA-75BB-49D7-A4B4-8944AD303606}.Debug|Any CPU.ActiveCfg = Debug|Any CPU
		{97DF6CCA-75BB-49D7-A4B4-8944AD303606}.Debug|Any CPU.Build.0 = Debug|Any CPU
		{97DF6CCA-75BB-49D7-A4B4-8944AD303606}.Release|Any CPU.ActiveCfg = Release|Any CPU
		{97DF6CCA-75BB-49D7-A4B4-8944AD303606}.Release|Any CPU.Build.0 = Release|Any CPU
		{5C9D1F5E-8721-47D5-A5AB-62CD3F12B138}.Debug|Any CPU.ActiveCfg = Debug|Any CPU
		{5C9D1F5E-8721-47D5-A5AB-62CD3F12B138}.Debug|Any CPU.Build.0 = Debug|Any CPU
		{5C9D1F5E-8721-47D5-A5AB-62CD3F12B138}.Release|Any CPU.ActiveCfg = Release|Any CPU
		{5C9D1F5E-8721-47D5-A5AB-62CD3F12B138}.Release|Any CPU.Build.0 = Release|Any CPU
		{49F81B44-BA21-4552-98CB-D346DC99F526}.Debug|Any CPU.ActiveCfg = Debug|Any CPU
		{49F81B44-BA21-4552-98CB-D346DC99F526}.Debug|Any CPU.Build.0 = Debug|Any CPU
		{49F81B44-BA21-4552-98CB-D346DC99F526}.Release|Any CPU.ActiveCfg = Release|Any CPU
		{49F81B44-BA21-4552-98CB-D346DC99F526}.Release|Any CPU.Build.0 = Release|Any CPU
		{7E967467-C857-4D79-A31B-84C169C1F479}.Debug|Any CPU.ActiveCfg = Debug|Any CPU
		{7E967467-C857-4D79-A31B-84C169C1F479}.Debug|Any CPU.Build.0 = Debug|Any CPU
		{7E967467-C857-4D79-A31B-84C169C1F479}.Release|Any CPU.ActiveCfg = Release|Any CPU
		{7E967467-C857-4D79-A31B-84C169C1F479}.Release|Any CPU.Build.0 = Release|Any CPU
		{B3B26603-D123-4B86-AA06-4AE29119BD2F}.Debug|Any CPU.ActiveCfg = Debug|Any CPU
		{B3B26603-D123-4B86-AA06-4AE29119BD2F}.Debug|Any CPU.Build.0 = Debug|Any CPU
		{B3B26603-D123-4B86-AA06-4AE29119BD2F}.Release|Any CPU.ActiveCfg = Release|Any CPU
		{B3B26603-D123-4B86-AA06-4AE29119BD2F}.Release|Any CPU.Build.0 = Release|Any CPU
		{76386082-B9F0-432B-B3FB-3B9223ECE365}.Debug|Any CPU.ActiveCfg = Debug|Any CPU
		{76386082-B9F0-432B-B3FB-3B9223ECE365}.Debug|Any CPU.Build.0 = Debug|Any CPU
		{76386082-B9F0-432B-B3FB-3B9223ECE365}.Release|Any CPU.ActiveCfg = Release|Any CPU
		{76386082-B9F0-432B-B3FB-3B9223ECE365}.Release|Any CPU.Build.0 = Release|Any CPU
		{3DC58450-596D-4A9E-8961-83960CBEF3FD}.Debug|Any CPU.ActiveCfg = Debug|Any CPU
		{3DC58450-596D-4A9E-8961-83960CBEF3FD}.Debug|Any CPU.Build.0 = Debug|Any CPU
		{3DC58450-596D-4A9E-8961-83960CBEF3FD}.Release|Any CPU.ActiveCfg = Release|Any CPU
		{3DC58450-596D-4A9E-8961-83960CBEF3FD}.Release|Any CPU.Build.0 = Release|Any CPU
		{C7CDEED9-F181-4BA0-88A3-C427C2EA5090}.Debug|Any CPU.ActiveCfg = Debug|Any CPU
		{C7CDEED9-F181-4BA0-88A3-C427C2EA5090}.Debug|Any CPU.Build.0 = Debug|Any CPU
		{C7CDEED9-F181-4BA0-88A3-C427C2EA5090}.Release|Any CPU.ActiveCfg = Release|Any CPU
		{C7CDEED9-F181-4BA0-88A3-C427C2EA5090}.Release|Any CPU.Build.0 = Release|Any CPU
		{32883713-1AA3-44D6-A961-D0082EE9DB1A}.Debug|Any CPU.ActiveCfg = Debug|Any CPU
		{32883713-1AA3-44D6-A961-D0082EE9DB1A}.Debug|Any CPU.Build.0 = Debug|Any CPU
		{32883713-1AA3-44D6-A961-D0082EE9DB1A}.Release|Any CPU.ActiveCfg = Release|Any CPU
		{32883713-1AA3-44D6-A961-D0082EE9DB1A}.Release|Any CPU.Build.0 = Release|Any CPU
	EndGlobalSection
	GlobalSection(SolutionProperties) = preSolution
		HideSolutionNode = FALSE
	EndGlobalSection
	GlobalSection(NestedProjects) = preSolution
		{72DFAF6C-DD0D-4856-85CC-397E9415F09D} = {B69FD7D5-A5DB-4065-B63D-6947EAAAA9CC}
		{EA5BD9BC-0C29-418B-93EF-B99AAAD63076} = {B69FD7D5-A5DB-4065-B63D-6947EAAAA9CC}
		{878B4576-CC2E-4430-AB62-188B2F2DB201} = {B69FD7D5-A5DB-4065-B63D-6947EAAAA9CC}
		{980D751A-A985-496C-9EE3-65FA6FA1FF6C} = {B69FD7D5-A5DB-4065-B63D-6947EAAAA9CC}
		{5EC316FC-8F51-4BC1-831A-785F60C129DA} = {B69FD7D5-A5DB-4065-B63D-6947EAAAA9CC}
		{485F4C97-06BA-4714-9468-B874F14370A8} = {B69FD7D5-A5DB-4065-B63D-6947EAAAA9CC}
		{385369C9-390C-47F0-9CF3-9B47FFCC8195} = {B69FD7D5-A5DB-4065-B63D-6947EAAAA9CC}
		{C8215384-30A3-4184-A1D1-9346DFA0B343} = {B69FD7D5-A5DB-4065-B63D-6947EAAAA9CC}
		{54C93944-5996-41BF-8070-A9D366A21597} = {B69FD7D5-A5DB-4065-B63D-6947EAAAA9CC}
		{78930816-FB38-42A3-9975-8D4F6B5BE879} = {B69FD7D5-A5DB-4065-B63D-6947EAAAA9CC}
		{50C2BB53-54D6-4EA9-81F4-6F053258B771} = {B69FD7D5-A5DB-4065-B63D-6947EAAAA9CC}
		{42D28C8C-74A6-42E6-9BE3-41DE2B48B8BE} = {B69FD7D5-A5DB-4065-B63D-6947EAAAA9CC}
		{500ACCE1-17D0-4608-88A1-077B3B032A80} = {B69FD7D5-A5DB-4065-B63D-6947EAAAA9CC}
		{9E401B3C-9948-4719-B121-2804A8E34680} = {B69FD7D5-A5DB-4065-B63D-6947EAAAA9CC}
		{025D8630-0678-4496-8471-8BE9ABDE3D12} = {B69FD7D5-A5DB-4065-B63D-6947EAAAA9CC}
		{0B32B262-2E21-4E50-B9DC-E16974A4FA51} = {B69FD7D5-A5DB-4065-B63D-6947EAAAA9CC}
		{4AE17D93-9682-46D5-8239-4BD792F6FDBC} = {B69FD7D5-A5DB-4065-B63D-6947EAAAA9CC}
		{D0F56F07-89B5-4B33-B69C-53D65BC1F4C5} = {B69FD7D5-A5DB-4065-B63D-6947EAAAA9CC}
		{F151EC83-2E32-4419-AAED-51A1DEDDD7ED} = {B69FD7D5-A5DB-4065-B63D-6947EAAAA9CC}
		{83616D3B-2C7E-4ABB-9413-DFD6DA606973} = {B69FD7D5-A5DB-4065-B63D-6947EAAAA9CC}
		{D0757B62-7B7E-4B0B-BA1D-88679F9D9883} = {B69FD7D5-A5DB-4065-B63D-6947EAAAA9CC}
		{866C1CE7-FF43-4D55-A4F8-D580E83FCBB6} = {B69FD7D5-A5DB-4065-B63D-6947EAAAA9CC}
		{DFD605CE-BBD8-4647-B710-406A4794D415} = {B69FD7D5-A5DB-4065-B63D-6947EAAAA9CC}
		{97B48A05-C880-4920-8FEA-E7E2D49CAFCF} = {B69FD7D5-A5DB-4065-B63D-6947EAAAA9CC}
		{71960FEE-56A3-4CC1-BA22-D2E63426D65C} = {B69FD7D5-A5DB-4065-B63D-6947EAAAA9CC}
		{2D138E6D-FCBC-49C6-AF50-C76AFC4FD61E} = {B69FD7D5-A5DB-4065-B63D-6947EAAAA9CC}
		{56762FF3-6CD6-451F-914C-7167E3D2D978} = {B69FD7D5-A5DB-4065-B63D-6947EAAAA9CC}
		{AD0ED1DF-BFE7-49AD-901E-9175513255D2} = {B69FD7D5-A5DB-4065-B63D-6947EAAAA9CC}
		{A29B7476-55FB-4967-AF87-83B084D74115} = {631C18FE-13E3-45F3-8FF1-55614C341845}
		{8B93CA25-0E32-43F4-B394-36A214EEBF6D} = {631C18FE-13E3-45F3-8FF1-55614C341845}
		{D0111641-BAE0-40AB-98DB-C2A6314A4147} = {76478523-2080-4404-A73A-EADF7208DAE2}
		{07EE0ED8-A22F-4279-ACDF-F470468794D0} = {631C18FE-13E3-45F3-8FF1-55614C341845}
		{1A1DA489-1F1F-4428-A910-E68BC5F6EA93} = {631C18FE-13E3-45F3-8FF1-55614C341845}
		{61F70DE8-2CBC-4DE0-85FE-552E0B913DD4} = {631C18FE-13E3-45F3-8FF1-55614C341845}
		{4EA3DE79-A361-493D-ADEA-82E298C7BC8D} = {631C18FE-13E3-45F3-8FF1-55614C341845}
		{13DDE0EC-CC57-4E58-AE8E-7B20F1806825} = {631C18FE-13E3-45F3-8FF1-55614C341845}
		{BF4FA292-52DF-44F2-BDBE-7D66137522A4} = {631C18FE-13E3-45F3-8FF1-55614C341845}
		{A76D00D1-74F1-4C83-9314-1669C0F49051} = {631C18FE-13E3-45F3-8FF1-55614C341845}
		{E6773F27-8E78-41F4-A4EE-1D16956B2FAC} = {631C18FE-13E3-45F3-8FF1-55614C341845}
		{5387FA98-3F9E-4639-8BB4-3739538093D7} = {76478523-2080-4404-A73A-EADF7208DAE2}
		{679411AC-81BC-4EC7-AA4E-D7D3DB21F6C2} = {631C18FE-13E3-45F3-8FF1-55614C341845}
		{F4CBEC4D-15C1-4EBA-9EE4-17111DC9AD96} = {631C18FE-13E3-45F3-8FF1-55614C341845}
		{2928FE9F-FCCA-4142-B591-DDE5E88E53A4} = {631C18FE-13E3-45F3-8FF1-55614C341845}
		{3CAFA946-DD39-4C96-B229-FE72CD20E262} = {2655F3DE-A15B-49DA-B90D-29DD106A05B3}
		{1CB9BDBF-21A3-40FC-A802-355B99AF7E5D} = {2655F3DE-A15B-49DA-B90D-29DD106A05B3}
		{CE2F89A0-DABB-4B50-A102-72C5A01BCAAC} = {481FAEDB-AEF6-4D66-B467-A712855023C0}
		{46A45B17-E1E2-43DF-B3B5-C27942EB4679} = {481FAEDB-AEF6-4D66-B467-A712855023C0}
		{9AEA545D-34D1-47E1-9E4C-F3B15E65BB90} = {481FAEDB-AEF6-4D66-B467-A712855023C0}
		{F7CA401C-539A-4682-9F66-95735FF2CE5C} = {481FAEDB-AEF6-4D66-B467-A712855023C0}
		{097C6CCD-CE13-4F06-9E83-364FC94E292A} = {481FAEDB-AEF6-4D66-B467-A712855023C0}
		{3640FAFC-1486-492D-BF3A-643B52DBF260} = {9D326103-058C-494E-B3AE-543D8D9763C2}
		{D4BF5093-619D-4098-9DC3-F52270F78522} = {9D326103-058C-494E-B3AE-543D8D9763C2}
		{BFBE6B45-5681-40FB-8370-3715D0267062} = {9D326103-058C-494E-B3AE-543D8D9763C2}
		{BDDC0310-98E2-425F-8DC2-1562F3E33D27} = {9D326103-058C-494E-B3AE-543D8D9763C2}
		{309B2E3A-1021-4FD8-A89E-25C98AC5E2D0} = {9D326103-058C-494E-B3AE-543D8D9763C2}
		{7EEE4FDE-CD32-4AE2-934A-6E9F84101454} = {76478523-2080-4404-A73A-EADF7208DAE2}
		{5372210D-12E5-4726-A2BA-77415C690873} = {9D326103-058C-494E-B3AE-543D8D9763C2}
		{00C627CC-903F-40E5-9B8D-0EF3CFD9F665} = {9D326103-058C-494E-B3AE-543D8D9763C2}
		{4322CA32-30D3-4F53-897D-BD753482A55A} = {D2E930F8-174F-4C1E-9FF2-1A8FF37C9BBD}
		{64945BC4-44FF-4155-9108-5FB1BDF1591F} = {D2E930F8-174F-4C1E-9FF2-1A8FF37C9BBD}
		{BEC98BC1-115A-48BB-AD62-16817129F1C0} = {D2E930F8-174F-4C1E-9FF2-1A8FF37C9BBD}
		{17E99132-5B00-4922-8388-9886D20667F1} = {D2E930F8-174F-4C1E-9FF2-1A8FF37C9BBD}
		{34F2F19F-104A-45C7-8263-7BEC02A899A6} = {D2E930F8-174F-4C1E-9FF2-1A8FF37C9BBD}
		{AAB66A9E-4C4A-4186-91CC-6714284652CA} = {D2E930F8-174F-4C1E-9FF2-1A8FF37C9BBD}
		{82A6B4F5-225E-4C9B-90AD-4866C84236E3} = {D2E930F8-174F-4C1E-9FF2-1A8FF37C9BBD}
		{5BA2FAEB-1AFD-4E41-887D-20D1522D20EE} = {20BB3434-9682-49BD-855D-6B721CA3D7D2}
		{C57C741C-72B2-4851-9C1E-94FDC2E559C1} = {20BB3434-9682-49BD-855D-6B721CA3D7D2}
		{525310A3-0B16-421B-A03B-FE1638890BA8} = {65F2F45B-D7ED-477B-9B2B-1492373295CF}
		{97DF6CCA-75BB-49D7-A4B4-8944AD303606} = {65F2F45B-D7ED-477B-9B2B-1492373295CF}
		{5C9D1F5E-8721-47D5-A5AB-62CD3F12B138} = {65F2F45B-D7ED-477B-9B2B-1492373295CF}
		{49F81B44-BA21-4552-98CB-D346DC99F526} = {65F2F45B-D7ED-477B-9B2B-1492373295CF}
		{7E967467-C857-4D79-A31B-84C169C1F479} = {65F2F45B-D7ED-477B-9B2B-1492373295CF}
		{B3B26603-D123-4B86-AA06-4AE29119BD2F} = {65F2F45B-D7ED-477B-9B2B-1492373295CF}
		{76386082-B9F0-432B-B3FB-3B9223ECE365} = {3136DD39-7114-4864-9AD5-FE229B314EC8}
		{3DC58450-596D-4A9E-8961-83960CBEF3FD} = {157D6015-6F54-4A5F-AD44-C87D15A81905}
		{C7CDEED9-F181-4BA0-88A3-C427C2EA5090} = {157D6015-6F54-4A5F-AD44-C87D15A81905}
		{157D6015-6F54-4A5F-AD44-C87D15A81905} = {76478523-2080-4404-A73A-EADF7208DAE2}
		{32883713-1AA3-44D6-A961-D0082EE9DB1A} = {157D6015-6F54-4A5F-AD44-C87D15A81905}
	EndGlobalSection
	GlobalSection(ExtensibilityGlobals) = postSolution
		SolutionGuid = {789C3432-A1CF-4810-ABA0-F0A54BCF8D59}
	EndGlobalSection
EndGlobal
